// !$*UTF8*$!
{
	archiveVersion = 1;
	classes = {
	};
	objectVersion = 46;
	objects = {

/* Begin PBXBuildFile section */
		043ADA031F0BD42400ECD78C /* finale1App.gif in Resources */ = {isa = PBXBuildFile; fileRef = 043ADA021F0BD42400ECD78C /* finale1App.gif */; };
		043ADA051F0BD4FF00ECD78C /* logocontrasparenze.png in Resources */ = {isa = PBXBuildFile; fileRef = 043ADA041F0BD4FF00ECD78C /* logocontrasparenze.png */; };
		045BB25B1F14092700B65B80 /* icona p-2.png in Resources */ = {isa = PBXBuildFile; fileRef = 045BB25A1F14092700B65B80 /* icona p-2.png */; };
		04F3657C1EFAC54D0095CE34 /* LoginController.swift in Sources */ = {isa = PBXBuildFile; fileRef = 04F3657B1EFAC54D0095CE34 /* LoginController.swift */; };
		04F3657E1EFAC55B0095CE34 /* RegisterController.swift in Sources */ = {isa = PBXBuildFile; fileRef = 04F3657D1EFAC55B0095CE34 /* RegisterController.swift */; };
		1286DA0731ED0A6A9274C73D /* Pods_FeedUni.framework in Frameworks */ = {isa = PBXBuildFile; fileRef = 53F9C6E6CF34591896148975 /* Pods_FeedUni.framework */; };
		3897F5AF1EFAC83D000DCD93 /* TimelineController.swift in Sources */ = {isa = PBXBuildFile; fileRef = 3897F5AE1EFAC83D000DCD93 /* TimelineController.swift */; };
		38CEB5391F07D07C006DD38F /* TimelineDetailController.swift in Sources */ = {isa = PBXBuildFile; fileRef = 38CEB5381F07D07C006DD38F /* TimelineDetailController.swift */; };
		38D58A301F013CCF00833F1A /* TimelineFilterController.swift in Sources */ = {isa = PBXBuildFile; fileRef = 38D58A2F1F013CCF00833F1A /* TimelineFilterController.swift */; };
		38D6A17B1F0424AA00633657 /* Course.swift in Sources */ = {isa = PBXBuildFile; fileRef = 38D6A17A1F0424AA00633657 /* Course.swift */; };
		38D6A17F1F04E87C00633657 /* DaysResponse.swift in Sources */ = {isa = PBXBuildFile; fileRef = 38D6A17E1F04E87C00633657 /* DaysResponse.swift */; };
		5D1A74011EF7FBBC009A323E /* AppDelegate.swift in Sources */ = {isa = PBXBuildFile; fileRef = 5D1A74001EF7FBBC009A323E /* AppDelegate.swift */; };
		5D1A74061EF7FBBC009A323E /* Main.storyboard in Resources */ = {isa = PBXBuildFile; fileRef = 5D1A74041EF7FBBC009A323E /* Main.storyboard */; };
		5D1A74081EF7FBBC009A323E /* Assets.xcassets in Resources */ = {isa = PBXBuildFile; fileRef = 5D1A74071EF7FBBC009A323E /* Assets.xcassets */; };
		5D1A740B1EF7FBBC009A323E /* LaunchScreen.storyboard in Resources */ = {isa = PBXBuildFile; fileRef = 5D1A74091EF7FBBC009A323E /* LaunchScreen.storyboard */; };
		5D91CBD61F010D3A005D9BAD /* String+Shortcuts.swift in Sources */ = {isa = PBXBuildFile; fileRef = 5D91CBD51F010D3A005D9BAD /* String+Shortcuts.swift */; };
		5DC6437B1EFC3D4D0064511A /* NewsTableViewCell.swift in Sources */ = {isa = PBXBuildFile; fileRef = 5DC6437A1EFC3D4D0064511A /* NewsTableViewCell.swift */; };
		5DC77F0D1F03C2B300F76427 /* ProfileController.swift in Sources */ = {isa = PBXBuildFile; fileRef = 5DC77F0C1F03C2B300F76427 /* ProfileController.swift */; };
		5DD6F9541F00F2CF002908B4 /* NewsDetailController.swift in Sources */ = {isa = PBXBuildFile; fileRef = 5DD6F9531F00F2CF002908B4 /* NewsDetailController.swift */; };
		5DE5E2EF1EFAC97100B469E0 /* NewsController.swift in Sources */ = {isa = PBXBuildFile; fileRef = 5DE5E2EE1EFAC97100B469E0 /* NewsController.swift */; };
		650EF3271EFABD0D00894F9D /* BachecaController.swift in Sources */ = {isa = PBXBuildFile; fileRef = 650EF3261EFABD0D00894F9D /* BachecaController.swift */; };
		653061BA1F091FED00A26D27 /* envelope.png in Resources */ = {isa = PBXBuildFile; fileRef = 653061B81F091FED00A26D27 /* envelope.png */; };
		653061BB1F091FED00A26D27 /* phone-call.png in Resources */ = {isa = PBXBuildFile; fileRef = 653061B91F091FED00A26D27 /* phone-call.png */; };
		657D16B01EF92F600069AB00 /* logoUni.png in Resources */ = {isa = PBXBuildFile; fileRef = 657D16AF1EF92F600069AB00 /* logoUni.png */; };
		65A2E9141F0405EA0035011B /* calendarIcon.png in Resources */ = {isa = PBXBuildFile; fileRef = 65A2E9121F0405EA0035011B /* calendarIcon.png */; };
		65A2E9151F0405EA0035011B /* moneyIcon.png in Resources */ = {isa = PBXBuildFile; fileRef = 65A2E9131F0405EA0035011B /* moneyIcon.png */; };
		65AC99BF1F011E060055D6C8 /* BachecaDetailController.swift in Sources */ = {isa = PBXBuildFile; fileRef = 65AC99BE1F011E060055D6C8 /* BachecaDetailController.swift */; };
		65CD27F81F05397400598148 /* tec.jpg in Resources */ = {isa = PBXBuildFile; fileRef = 65CD27F71F05397400598148 /* tec.jpg */; };
		65CE43501EFACD9B00C00644 /* BachecaControllerTableViewCell.swift in Sources */ = {isa = PBXBuildFile; fileRef = 65CE434F1EFACD9B00C00644 /* BachecaControllerTableViewCell.swift */; };
		65F0E20E1F06346900244285 /* utente.png in Resources */ = {isa = PBXBuildFile; fileRef = 65F0E20D1F06346900244285 /* utente.png */; };
		65F0E2121F063F9900244285 /* TabBarController.swift in Sources */ = {isa = PBXBuildFile; fileRef = 65F0E2111F063F9900244285 /* TabBarController.swift */; };
		F307B1B51F03BAE5009FF276 /* UserInsertion.swift in Sources */ = {isa = PBXBuildFile; fileRef = F307B1B41F03BAE5009FF276 /* UserInsertion.swift */; };
		F334B1721F0B876A00044C7D /* piero.jpeg in Resources */ = {isa = PBXBuildFile; fileRef = F334B1711F0B876A00044C7D /* piero.jpeg */; };
		F334B1741F0B884400044C7D /* UserFavsController.swift in Sources */ = {isa = PBXBuildFile; fileRef = F334B1731F0B884400044C7D /* UserFavsController.swift */; };
		F334B1761F0B886600044C7D /* UserInsertionsController.swift in Sources */ = {isa = PBXBuildFile; fileRef = F334B1751F0B886600044C7D /* UserInsertionsController.swift */; };
		F36706AF1F01437B00D3980C /* AddInsertionController.swift in Sources */ = {isa = PBXBuildFile; fileRef = F36706AE1F01437B00D3980C /* AddInsertionController.swift */; };
		F367A2371F0F9B34000DE3DD /* User.swift in Sources */ = {isa = PBXBuildFile; fileRef = F367A2361F0F9B34000DE3DD /* User.swift */; };
		F3E457FF1EFAC77200B09BBD /* FavoriteNews.swift in Sources */ = {isa = PBXBuildFile; fileRef = F3E457FE1EFAC77200B09BBD /* FavoriteNews.swift */; };
		F3E458011EFAC7C200B09BBD /* FavoriteInsertion.swift in Sources */ = {isa = PBXBuildFile; fileRef = F3E458001EFAC7C200B09BBD /* FavoriteInsertion.swift */; };
		F3E458051EFAC83000B09BBD /* FavoriteLesson.swift in Sources */ = {isa = PBXBuildFile; fileRef = F3E458041EFAC83000B09BBD /* FavoriteLesson.swift */; };
		F3E458071EFAC85600B09BBD /* RealmQueries.swift in Sources */ = {isa = PBXBuildFile; fileRef = F3E458061EFAC85600B09BBD /* RealmQueries.swift */; };
/* End PBXBuildFile section */

/* Begin PBXFileReference section */
		043ADA021F0BD42400ECD78C /* finale1App.gif */ = {isa = PBXFileReference; lastKnownFileType = image.gif; path = finale1App.gif; sourceTree = "<group>"; };
		043ADA041F0BD4FF00ECD78C /* logocontrasparenze.png */ = {isa = PBXFileReference; lastKnownFileType = image.png; path = logocontrasparenze.png; sourceTree = "<group>"; };
		043C94F31EFEBC5E000EC227 /* FeedUni.entitlements */ = {isa = PBXFileReference; lastKnownFileType = text.plist.entitlements; path = FeedUni.entitlements; sourceTree = "<group>"; };
		045BB25A1F14092700B65B80 /* icona p-2.png */ = {isa = PBXFileReference; lastKnownFileType = image.png; path = "icona p-2.png"; sourceTree = "<group>"; };
		04F3657B1EFAC54D0095CE34 /* LoginController.swift */ = {isa = PBXFileReference; fileEncoding = 4; lastKnownFileType = sourcecode.swift; path = LoginController.swift; sourceTree = "<group>"; };
		04F3657D1EFAC55B0095CE34 /* RegisterController.swift */ = {isa = PBXFileReference; fileEncoding = 4; lastKnownFileType = sourcecode.swift; path = RegisterController.swift; sourceTree = "<group>"; };
		3897F5AE1EFAC83D000DCD93 /* TimelineController.swift */ = {isa = PBXFileReference; fileEncoding = 4; lastKnownFileType = sourcecode.swift; path = TimelineController.swift; sourceTree = "<group>"; };
		38CEB5381F07D07C006DD38F /* TimelineDetailController.swift */ = {isa = PBXFileReference; fileEncoding = 4; lastKnownFileType = sourcecode.swift; path = TimelineDetailController.swift; sourceTree = "<group>"; };
		38D58A2F1F013CCF00833F1A /* TimelineFilterController.swift */ = {isa = PBXFileReference; fileEncoding = 4; lastKnownFileType = sourcecode.swift; path = TimelineFilterController.swift; sourceTree = "<group>"; };
		38D6A17A1F0424AA00633657 /* Course.swift */ = {isa = PBXFileReference; fileEncoding = 4; lastKnownFileType = sourcecode.swift; path = Course.swift; sourceTree = "<group>"; };
		38D6A17E1F04E87C00633657 /* DaysResponse.swift */ = {isa = PBXFileReference; fileEncoding = 4; lastKnownFileType = sourcecode.swift; path = DaysResponse.swift; sourceTree = "<group>"; };
		53F9C6E6CF34591896148975 /* Pods_FeedUni.framework */ = {isa = PBXFileReference; explicitFileType = wrapper.framework; includeInIndex = 0; path = Pods_FeedUni.framework; sourceTree = BUILT_PRODUCTS_DIR; };
		5D1A73FD1EF7FBBC009A323E /* FeedUni.app */ = {isa = PBXFileReference; explicitFileType = wrapper.application; includeInIndex = 0; path = FeedUni.app; sourceTree = BUILT_PRODUCTS_DIR; };
		5D1A74001EF7FBBC009A323E /* AppDelegate.swift */ = {isa = PBXFileReference; lastKnownFileType = sourcecode.swift; path = AppDelegate.swift; sourceTree = "<group>"; };
		5D1A74051EF7FBBC009A323E /* Base */ = {isa = PBXFileReference; lastKnownFileType = file.storyboard; name = Base; path = Base.lproj/Main.storyboard; sourceTree = "<group>"; };
		5D1A74071EF7FBBC009A323E /* Assets.xcassets */ = {isa = PBXFileReference; lastKnownFileType = folder.assetcatalog; path = Assets.xcassets; sourceTree = "<group>"; };
		5D1A740A1EF7FBBC009A323E /* Base */ = {isa = PBXFileReference; lastKnownFileType = file.storyboard; name = Base; path = Base.lproj/LaunchScreen.storyboard; sourceTree = "<group>"; };
		5D1A740C1EF7FBBC009A323E /* Info.plist */ = {isa = PBXFileReference; lastKnownFileType = text.plist.xml; path = Info.plist; sourceTree = "<group>"; };
		5D91CBD51F010D3A005D9BAD /* String+Shortcuts.swift */ = {isa = PBXFileReference; fileEncoding = 4; lastKnownFileType = sourcecode.swift; path = "String+Shortcuts.swift"; sourceTree = "<group>"; };
		5DC6437A1EFC3D4D0064511A /* NewsTableViewCell.swift */ = {isa = PBXFileReference; fileEncoding = 4; lastKnownFileType = sourcecode.swift; path = NewsTableViewCell.swift; sourceTree = "<group>"; };
		5DC77F0C1F03C2B300F76427 /* ProfileController.swift */ = {isa = PBXFileReference; fileEncoding = 4; lastKnownFileType = sourcecode.swift; path = ProfileController.swift; sourceTree = "<group>"; };
		5DD6F9531F00F2CF002908B4 /* NewsDetailController.swift */ = {isa = PBXFileReference; fileEncoding = 4; lastKnownFileType = sourcecode.swift; path = NewsDetailController.swift; sourceTree = "<group>"; };
		5DE5E2EE1EFAC97100B469E0 /* NewsController.swift */ = {isa = PBXFileReference; fileEncoding = 4; lastKnownFileType = sourcecode.swift; path = NewsController.swift; sourceTree = "<group>"; };
		650EF3261EFABD0D00894F9D /* BachecaController.swift */ = {isa = PBXFileReference; fileEncoding = 4; lastKnownFileType = sourcecode.swift; path = BachecaController.swift; sourceTree = "<group>"; };
		653061B81F091FED00A26D27 /* envelope.png */ = {isa = PBXFileReference; lastKnownFileType = image.png; path = envelope.png; sourceTree = "<group>"; };
		653061B91F091FED00A26D27 /* phone-call.png */ = {isa = PBXFileReference; lastKnownFileType = image.png; path = "phone-call.png"; sourceTree = "<group>"; };
		657D16AF1EF92F600069AB00 /* logoUni.png */ = {isa = PBXFileReference; lastKnownFileType = image.png; name = logoUni.png; path = FeedUni/logoUni.png; sourceTree = SOURCE_ROOT; };
		65A2E9121F0405EA0035011B /* calendarIcon.png */ = {isa = PBXFileReference; lastKnownFileType = image.png; path = calendarIcon.png; sourceTree = "<group>"; };
		65A2E9131F0405EA0035011B /* moneyIcon.png */ = {isa = PBXFileReference; lastKnownFileType = image.png; path = moneyIcon.png; sourceTree = "<group>"; };
		65AC99BE1F011E060055D6C8 /* BachecaDetailController.swift */ = {isa = PBXFileReference; fileEncoding = 4; lastKnownFileType = sourcecode.swift; path = BachecaDetailController.swift; sourceTree = "<group>"; };
		65CD27F71F05397400598148 /* tec.jpg */ = {isa = PBXFileReference; lastKnownFileType = image.jpeg; path = tec.jpg; sourceTree = "<group>"; };
		65CE434F1EFACD9B00C00644 /* BachecaControllerTableViewCell.swift */ = {isa = PBXFileReference; fileEncoding = 4; lastKnownFileType = sourcecode.swift; path = BachecaControllerTableViewCell.swift; sourceTree = "<group>"; };
		65F0E20D1F06346900244285 /* utente.png */ = {isa = PBXFileReference; lastKnownFileType = image.png; path = utente.png; sourceTree = "<group>"; };
		65F0E2111F063F9900244285 /* TabBarController.swift */ = {isa = PBXFileReference; fileEncoding = 4; lastKnownFileType = sourcecode.swift; path = TabBarController.swift; sourceTree = "<group>"; };
		DF9E5A1CFF69DCF7D69241CF /* Pods-FeedUni.debug.xcconfig */ = {isa = PBXFileReference; includeInIndex = 1; lastKnownFileType = text.xcconfig; name = "Pods-FeedUni.debug.xcconfig"; path = "Pods/Target Support Files/Pods-FeedUni/Pods-FeedUni.debug.xcconfig"; sourceTree = "<group>"; };
		EFB723F15DC7BA5CD023869A /* Pods-FeedUni.release.xcconfig */ = {isa = PBXFileReference; includeInIndex = 1; lastKnownFileType = text.xcconfig; name = "Pods-FeedUni.release.xcconfig"; path = "Pods/Target Support Files/Pods-FeedUni/Pods-FeedUni.release.xcconfig"; sourceTree = "<group>"; };
		F307B1B41F03BAE5009FF276 /* UserInsertion.swift */ = {isa = PBXFileReference; fileEncoding = 4; lastKnownFileType = sourcecode.swift; path = UserInsertion.swift; sourceTree = "<group>"; };
		F334B1711F0B876A00044C7D /* piero.jpeg */ = {isa = PBXFileReference; lastKnownFileType = image.jpeg; path = piero.jpeg; sourceTree = "<group>"; };
		F334B1731F0B884400044C7D /* UserFavsController.swift */ = {isa = PBXFileReference; fileEncoding = 4; lastKnownFileType = sourcecode.swift; path = UserFavsController.swift; sourceTree = "<group>"; };
		F334B1751F0B886600044C7D /* UserInsertionsController.swift */ = {isa = PBXFileReference; fileEncoding = 4; lastKnownFileType = sourcecode.swift; path = UserInsertionsController.swift; sourceTree = "<group>"; };
		F36706AE1F01437B00D3980C /* AddInsertionController.swift */ = {isa = PBXFileReference; fileEncoding = 4; lastKnownFileType = sourcecode.swift; path = AddInsertionController.swift; sourceTree = "<group>"; };
		F367A2361F0F9B34000DE3DD /* User.swift */ = {isa = PBXFileReference; fileEncoding = 4; lastKnownFileType = sourcecode.swift; path = User.swift; sourceTree = "<group>"; };
		F3E457FE1EFAC77200B09BBD /* FavoriteNews.swift */ = {isa = PBXFileReference; fileEncoding = 4; lastKnownFileType = sourcecode.swift; path = FavoriteNews.swift; sourceTree = "<group>"; };
		F3E458001EFAC7C200B09BBD /* FavoriteInsertion.swift */ = {isa = PBXFileReference; fileEncoding = 4; lastKnownFileType = sourcecode.swift; path = FavoriteInsertion.swift; sourceTree = "<group>"; };
		F3E458041EFAC83000B09BBD /* FavoriteLesson.swift */ = {isa = PBXFileReference; fileEncoding = 4; lastKnownFileType = sourcecode.swift; path = FavoriteLesson.swift; sourceTree = "<group>"; };
		F3E458061EFAC85600B09BBD /* RealmQueries.swift */ = {isa = PBXFileReference; fileEncoding = 4; lastKnownFileType = sourcecode.swift; path = RealmQueries.swift; sourceTree = "<group>"; };
/* End PBXFileReference section */

/* Begin PBXFrameworksBuildPhase section */
		5D1A73FA1EF7FBBC009A323E /* Frameworks */ = {
			isa = PBXFrameworksBuildPhase;
			buildActionMask = 2147483647;
			files = (
				1286DA0731ED0A6A9274C73D /* Pods_FeedUni.framework in Frameworks */,
			);
			runOnlyForDeploymentPostprocessing = 0;
		};
/* End PBXFrameworksBuildPhase section */

/* Begin PBXGroup section */
		1498D79C0B9DB28CB395E262 /* Frameworks */ = {
			isa = PBXGroup;
			children = (
				53F9C6E6CF34591896148975 /* Pods_FeedUni.framework */,
			);
			name = Frameworks;
			sourceTree = "<group>";
		};
		5D1A73F41EF7FBBB009A323E = {
			isa = PBXGroup;
			children = (
				5D1A73FF1EF7FBBC009A323E /* FeedUni */,
				5D1A73FE1EF7FBBC009A323E /* Products */,
				610DEBE3B0E21E39638459A7 /* Pods */,
				1498D79C0B9DB28CB395E262 /* Frameworks */,
			);
			sourceTree = "<group>";
		};
		5D1A73FE1EF7FBBC009A323E /* Products */ = {
			isa = PBXGroup;
			children = (
				5D1A73FD1EF7FBBC009A323E /* FeedUni.app */,
			);
			name = Products;
			sourceTree = "<group>";
		};
		5D1A73FF1EF7FBBC009A323E /* FeedUni */ = {
			isa = PBXGroup;
			children = (
				043C94F31EFEBC5E000EC227 /* FeedUni.entitlements */,
				F3E457FC1EFAC73300B09BBD /* RealmStuff */,
				5D1A74001EF7FBBC009A323E /* AppDelegate.swift */,
				5D1A74041EF7FBBC009A323E /* Main.storyboard */,
				5D1A74071EF7FBBC009A323E /* Assets.xcassets */,
				5D1A74091EF7FBBC009A323E /* LaunchScreen.storyboard */,
				5D1A740C1EF7FBBC009A323E /* Info.plist */,
				657D16AC1EF92C280069AB00 /* Resouces */,
				5D53DC811EFABC5B006F842B /* Controllers */,
				5DC6437C1EFC3D530064511A /* Utils */,
			);
			path = FeedUni;
			sourceTree = "<group>";
		};
		5D53DC811EFABC5B006F842B /* Controllers */ = {
			isa = PBXGroup;
			children = (
				650EF3261EFABD0D00894F9D /* BachecaController.swift */,
				65CE434F1EFACD9B00C00644 /* BachecaControllerTableViewCell.swift */,
				04F3657B1EFAC54D0095CE34 /* LoginController.swift */,
				04F3657D1EFAC55B0095CE34 /* RegisterController.swift */,
				65AC99BE1F011E060055D6C8 /* BachecaDetailController.swift */,
				3897F5AE1EFAC83D000DCD93 /* TimelineController.swift */,
				38D58A2F1F013CCF00833F1A /* TimelineFilterController.swift */,
				38CEB5381F07D07C006DD38F /* TimelineDetailController.swift */,
				F36706AE1F01437B00D3980C /* AddInsertionController.swift */,
				5DE5E2EE1EFAC97100B469E0 /* NewsController.swift */,
				5DD6F9531F00F2CF002908B4 /* NewsDetailController.swift */,
				5DC77F0C1F03C2B300F76427 /* ProfileController.swift */,
				65F0E2111F063F9900244285 /* TabBarController.swift */,
				F334B1731F0B884400044C7D /* UserFavsController.swift */,
				F334B1751F0B886600044C7D /* UserInsertionsController.swift */,
			);
			name = Controllers;
			sourceTree = "<group>";
		};
		5DC6437C1EFC3D530064511A /* Utils */ = {
			isa = PBXGroup;
			children = (
				5DC6437A1EFC3D4D0064511A /* NewsTableViewCell.swift */,
				5D91CBD51F010D3A005D9BAD /* String+Shortcuts.swift */,
				38D6A17A1F0424AA00633657 /* Course.swift */,
				38D6A17E1F04E87C00633657 /* DaysResponse.swift */,
			);
			name = Utils;
			sourceTree = "<group>";
		};
		610DEBE3B0E21E39638459A7 /* Pods */ = {
			isa = PBXGroup;
			children = (
				DF9E5A1CFF69DCF7D69241CF /* Pods-FeedUni.debug.xcconfig */,
				EFB723F15DC7BA5CD023869A /* Pods-FeedUni.release.xcconfig */,
			);
			name = Pods;
			sourceTree = "<group>";
		};
		657D16AC1EF92C280069AB00 /* Resouces */ = {
			isa = PBXGroup;
			children = (
				045BB25A1F14092700B65B80 /* icona p-2.png */,
				F334B1711F0B876A00044C7D /* piero.jpeg */,
				043ADA041F0BD4FF00ECD78C /* logocontrasparenze.png */,
				043ADA021F0BD42400ECD78C /* finale1App.gif */,
				653061B81F091FED00A26D27 /* envelope.png */,
				653061B91F091FED00A26D27 /* phone-call.png */,
				65F0E20D1F06346900244285 /* utente.png */,
				65CD27F71F05397400598148 /* tec.jpg */,
				65A2E9121F0405EA0035011B /* calendarIcon.png */,
				65A2E9131F0405EA0035011B /* moneyIcon.png */,
				657D16AF1EF92F600069AB00 /* logoUni.png */,
			);
			name = Resouces;
			sourceTree = "<group>";
		};
		F3E457FC1EFAC73300B09BBD /* RealmStuff */ = {
			isa = PBXGroup;
			children = (
				F3E457FD1EFAC74300B09BBD /* Tables */,
				F3E458061EFAC85600B09BBD /* RealmQueries.swift */,
			);
			name = RealmStuff;
			sourceTree = "<group>";
		};
		F3E457FD1EFAC74300B09BBD /* Tables */ = {
			isa = PBXGroup;
			children = (
				F3E457FE1EFAC77200B09BBD /* FavoriteNews.swift */,
				F3E458001EFAC7C200B09BBD /* FavoriteInsertion.swift */,
				F3E458041EFAC83000B09BBD /* FavoriteLesson.swift */,
				F307B1B41F03BAE5009FF276 /* UserInsertion.swift */,
				F367A2361F0F9B34000DE3DD /* User.swift */,
			);
			name = Tables;
			sourceTree = "<group>";
		};
/* End PBXGroup section */

/* Begin PBXNativeTarget section */
		5D1A73FC1EF7FBBC009A323E /* FeedUni */ = {
			isa = PBXNativeTarget;
			buildConfigurationList = 5D1A740F1EF7FBBC009A323E /* Build configuration list for PBXNativeTarget "FeedUni" */;
			buildPhases = (
				B5D1DF0CBE80BC01ECC2E9C6 /* [CP] Check Pods Manifest.lock */,
				5D1A73F91EF7FBBC009A323E /* Sources */,
				5D1A73FA1EF7FBBC009A323E /* Frameworks */,
				5D1A73FB1EF7FBBC009A323E /* Resources */,
				D96E8B35A1154D2EF97CEBD3 /* [CP] Embed Pods Frameworks */,
				A0C181BFCC8E85544F40C9CA /* [CP] Copy Pods Resources */,
			);
			buildRules = (
			);
			dependencies = (
			);
			name = FeedUni;
			productName = FeedUni;
			productReference = 5D1A73FD1EF7FBBC009A323E /* FeedUni.app */;
			productType = "com.apple.product-type.application";
		};
/* End PBXNativeTarget section */

/* Begin PBXProject section */
		5D1A73F51EF7FBBC009A323E /* Project object */ = {
			isa = PBXProject;
			attributes = {
				LastSwiftUpdateCheck = 0830;
				LastUpgradeCheck = 0830;
				ORGANIZATIONNAME = "Piero Silvestri";
				TargetAttributes = {
					5D1A73FC1EF7FBBC009A323E = {
						CreatedOnToolsVersion = 8.3;
						DevelopmentTeam = G3854Z4687;
						ProvisioningStyle = Automatic;
						SystemCapabilities = {
							com.apple.Keychain = {
								enabled = 0;
							};
						};
					};
				};
			};
			buildConfigurationList = 5D1A73F81EF7FBBC009A323E /* Build configuration list for PBXProject "FeedUni" */;
			compatibilityVersion = "Xcode 3.2";
			developmentRegion = English;
			hasScannedForEncodings = 0;
			knownRegions = (
				en,
				Base,
			);
			mainGroup = 5D1A73F41EF7FBBB009A323E;
			productRefGroup = 5D1A73FE1EF7FBBC009A323E /* Products */;
			projectDirPath = "";
			projectRoot = "";
			targets = (
				5D1A73FC1EF7FBBC009A323E /* FeedUni */,
			);
		};
/* End PBXProject section */

/* Begin PBXResourcesBuildPhase section */
		5D1A73FB1EF7FBBC009A323E /* Resources */ = {
			isa = PBXResourcesBuildPhase;
			buildActionMask = 2147483647;
			files = (
				5D1A740B1EF7FBBC009A323E /* LaunchScreen.storyboard in Resources */,
				65A2E9141F0405EA0035011B /* calendarIcon.png in Resources */,
				F334B1721F0B876A00044C7D /* piero.jpeg in Resources */,
				65F0E20E1F06346900244285 /* utente.png in Resources */,
				653061BA1F091FED00A26D27 /* envelope.png in Resources */,
				5D1A74081EF7FBBC009A323E /* Assets.xcassets in Resources */,
				043ADA051F0BD4FF00ECD78C /* logocontrasparenze.png in Resources */,
				045BB25B1F14092700B65B80 /* icona p-2.png in Resources */,
				65A2E9151F0405EA0035011B /* moneyIcon.png in Resources */,
				653061BB1F091FED00A26D27 /* phone-call.png in Resources */,
				65CD27F81F05397400598148 /* tec.jpg in Resources */,
				5D1A74061EF7FBBC009A323E /* Main.storyboard in Resources */,
				657D16B01EF92F600069AB00 /* logoUni.png in Resources */,
				043ADA031F0BD42400ECD78C /* finale1App.gif in Resources */,
			);
			runOnlyForDeploymentPostprocessing = 0;
		};
/* End PBXResourcesBuildPhase section */

/* Begin PBXShellScriptBuildPhase section */
		A0C181BFCC8E85544F40C9CA /* [CP] Copy Pods Resources */ = {
			isa = PBXShellScriptBuildPhase;
			buildActionMask = 2147483647;
			files = (
			);
			inputPaths = (
			);
			name = "[CP] Copy Pods Resources";
			outputPaths = (
			);
			runOnlyForDeploymentPostprocessing = 0;
			shellPath = /bin/sh;
			shellScript = "\"${SRCROOT}/Pods/Target Support Files/Pods-FeedUni/Pods-FeedUni-resources.sh\"\n";
			showEnvVarsInLog = 0;
		};
		B5D1DF0CBE80BC01ECC2E9C6 /* [CP] Check Pods Manifest.lock */ = {
			isa = PBXShellScriptBuildPhase;
			buildActionMask = 2147483647;
			files = (
			);
			inputPaths = (
			);
			name = "[CP] Check Pods Manifest.lock";
			outputPaths = (
			);
			runOnlyForDeploymentPostprocessing = 0;
			shellPath = /bin/sh;
			shellScript = "diff \"${PODS_PODFILE_DIR_PATH}/Podfile.lock\" \"${PODS_ROOT}/Manifest.lock\" > /dev/null\nif [ $? != 0 ] ; then\n    # print error to STDERR\n    echo \"error: The sandbox is not in sync with the Podfile.lock. Run 'pod install' or update your CocoaPods installation.\" >&2\n    exit 1\nfi\n";
			showEnvVarsInLog = 0;
		};
		D96E8B35A1154D2EF97CEBD3 /* [CP] Embed Pods Frameworks */ = {
			isa = PBXShellScriptBuildPhase;
			buildActionMask = 2147483647;
			files = (
			);
			inputPaths = (
			);
			name = "[CP] Embed Pods Frameworks";
			outputPaths = (
			);
			runOnlyForDeploymentPostprocessing = 0;
			shellPath = /bin/sh;
			shellScript = "\"${SRCROOT}/Pods/Target Support Files/Pods-FeedUni/Pods-FeedUni-frameworks.sh\"\n";
			showEnvVarsInLog = 0;
		};
/* End PBXShellScriptBuildPhase section */

/* Begin PBXSourcesBuildPhase section */
		5D1A73F91EF7FBBC009A323E /* Sources */ = {
			isa = PBXSourcesBuildPhase;
			buildActionMask = 2147483647;
			files = (
				F367A2371F0F9B34000DE3DD /* User.swift in Sources */,
				F334B1741F0B884400044C7D /* UserFavsController.swift in Sources */,
				F3E457FF1EFAC77200B09BBD /* FavoriteNews.swift in Sources */,
				04F3657E1EFAC55B0095CE34 /* RegisterController.swift in Sources */,
				5D1A74011EF7FBBC009A323E /* AppDelegate.swift in Sources */,
				5D91CBD61F010D3A005D9BAD /* String+Shortcuts.swift in Sources */,
				5DC6437B1EFC3D4D0064511A /* NewsTableViewCell.swift in Sources */,
				5DC77F0D1F03C2B300F76427 /* ProfileController.swift in Sources */,
				F3E458071EFAC85600B09BBD /* RealmQueries.swift in Sources */,
				F3E458051EFAC83000B09BBD /* FavoriteLesson.swift in Sources */,
				38CEB5391F07D07C006DD38F /* TimelineDetailController.swift in Sources */,
				04F3657C1EFAC54D0095CE34 /* LoginController.swift in Sources */,
				F307B1B51F03BAE5009FF276 /* UserInsertion.swift in Sources */,
				65AC99BF1F011E060055D6C8 /* BachecaDetailController.swift in Sources */,
				38D6A17F1F04E87C00633657 /* DaysResponse.swift in Sources */,
				65CE43501EFACD9B00C00644 /* BachecaControllerTableViewCell.swift in Sources */,
				38D58A301F013CCF00833F1A /* TimelineFilterController.swift in Sources */,
				F36706AF1F01437B00D3980C /* AddInsertionController.swift in Sources */,
				38D6A17B1F0424AA00633657 /* Course.swift in Sources */,
				5DD6F9541F00F2CF002908B4 /* NewsDetailController.swift in Sources */,
				5DE5E2EF1EFAC97100B469E0 /* NewsController.swift in Sources */,
				650EF3271EFABD0D00894F9D /* BachecaController.swift in Sources */,
				65F0E2121F063F9900244285 /* TabBarController.swift in Sources */,
				F3E458011EFAC7C200B09BBD /* FavoriteInsertion.swift in Sources */,
				F334B1761F0B886600044C7D /* UserInsertionsController.swift in Sources */,
				3897F5AF1EFAC83D000DCD93 /* TimelineController.swift in Sources */,
			);
			runOnlyForDeploymentPostprocessing = 0;
		};
/* End PBXSourcesBuildPhase section */

/* Begin PBXVariantGroup section */
		5D1A74041EF7FBBC009A323E /* Main.storyboard */ = {
			isa = PBXVariantGroup;
			children = (
				5D1A74051EF7FBBC009A323E /* Base */,
			);
			name = Main.storyboard;
			sourceTree = "<group>";
		};
		5D1A74091EF7FBBC009A323E /* LaunchScreen.storyboard */ = {
			isa = PBXVariantGroup;
			children = (
				5D1A740A1EF7FBBC009A323E /* Base */,
			);
			name = LaunchScreen.storyboard;
			sourceTree = "<group>";
		};
/* End PBXVariantGroup section */

/* Begin XCBuildConfiguration section */
		5D1A740D1EF7FBBC009A323E /* Debug */ = {
			isa = XCBuildConfiguration;
			buildSettings = {
				ALWAYS_SEARCH_USER_PATHS = NO;
				CLANG_ANALYZER_NONNULL = YES;
				CLANG_ANALYZER_NUMBER_OBJECT_CONVERSION = YES_AGGRESSIVE;
				CLANG_CXX_LANGUAGE_STANDARD = "gnu++0x";
				CLANG_CXX_LIBRARY = "libc++";
				CLANG_ENABLE_MODULES = YES;
				CLANG_ENABLE_OBJC_ARC = YES;
				CLANG_WARN_BOOL_CONVERSION = YES;
				CLANG_WARN_CONSTANT_CONVERSION = YES;
				CLANG_WARN_DIRECT_OBJC_ISA_USAGE = YES_ERROR;
				CLANG_WARN_DOCUMENTATION_COMMENTS = YES;
				CLANG_WARN_EMPTY_BODY = YES;
				CLANG_WARN_ENUM_CONVERSION = YES;
				CLANG_WARN_INFINITE_RECURSION = YES;
				CLANG_WARN_INT_CONVERSION = YES;
				CLANG_WARN_OBJC_ROOT_CLASS = YES_ERROR;
				CLANG_WARN_SUSPICIOUS_MOVE = YES;
				CLANG_WARN_UNREACHABLE_CODE = YES;
				CLANG_WARN__DUPLICATE_METHOD_MATCH = YES;
				"CODE_SIGN_IDENTITY[sdk=iphoneos*]" = "iPhone Developer";
				COPY_PHASE_STRIP = NO;
				DEBUG_INFORMATION_FORMAT = dwarf;
				ENABLE_STRICT_OBJC_MSGSEND = YES;
				ENABLE_TESTABILITY = YES;
				GCC_C_LANGUAGE_STANDARD = gnu99;
				GCC_DYNAMIC_NO_PIC = NO;
				GCC_NO_COMMON_BLOCKS = YES;
				GCC_OPTIMIZATION_LEVEL = 0;
				GCC_PREPROCESSOR_DEFINITIONS = (
					"DEBUG=1",
					"$(inherited)",
				);
				GCC_WARN_64_TO_32_BIT_CONVERSION = YES;
				GCC_WARN_ABOUT_RETURN_TYPE = YES_ERROR;
				GCC_WARN_UNDECLARED_SELECTOR = YES;
				GCC_WARN_UNINITIALIZED_AUTOS = YES_AGGRESSIVE;
				GCC_WARN_UNUSED_FUNCTION = YES;
				GCC_WARN_UNUSED_VARIABLE = YES;
				IPHONEOS_DEPLOYMENT_TARGET = 10.3;
				MTL_ENABLE_DEBUG_INFO = YES;
				ONLY_ACTIVE_ARCH = YES;
				SDKROOT = iphoneos;
				SWIFT_ACTIVE_COMPILATION_CONDITIONS = DEBUG;
				SWIFT_OPTIMIZATION_LEVEL = "-Onone";
			};
			name = Debug;
		};
		5D1A740E1EF7FBBC009A323E /* Release */ = {
			isa = XCBuildConfiguration;
			buildSettings = {
				ALWAYS_SEARCH_USER_PATHS = NO;
				CLANG_ANALYZER_NONNULL = YES;
				CLANG_ANALYZER_NUMBER_OBJECT_CONVERSION = YES_AGGRESSIVE;
				CLANG_CXX_LANGUAGE_STANDARD = "gnu++0x";
				CLANG_CXX_LIBRARY = "libc++";
				CLANG_ENABLE_MODULES = YES;
				CLANG_ENABLE_OBJC_ARC = YES;
				CLANG_WARN_BOOL_CONVERSION = YES;
				CLANG_WARN_CONSTANT_CONVERSION = YES;
				CLANG_WARN_DIRECT_OBJC_ISA_USAGE = YES_ERROR;
				CLANG_WARN_DOCUMENTATION_COMMENTS = YES;
				CLANG_WARN_EMPTY_BODY = YES;
				CLANG_WARN_ENUM_CONVERSION = YES;
				CLANG_WARN_INFINITE_RECURSION = YES;
				CLANG_WARN_INT_CONVERSION = YES;
				CLANG_WARN_OBJC_ROOT_CLASS = YES_ERROR;
				CLANG_WARN_SUSPICIOUS_MOVE = YES;
				CLANG_WARN_UNREACHABLE_CODE = YES;
				CLANG_WARN__DUPLICATE_METHOD_MATCH = YES;
				"CODE_SIGN_IDENTITY[sdk=iphoneos*]" = "iPhone Developer";
				COPY_PHASE_STRIP = NO;
				DEBUG_INFORMATION_FORMAT = "dwarf-with-dsym";
				ENABLE_NS_ASSERTIONS = NO;
				ENABLE_STRICT_OBJC_MSGSEND = YES;
				GCC_C_LANGUAGE_STANDARD = gnu99;
				GCC_NO_COMMON_BLOCKS = YES;
				GCC_WARN_64_TO_32_BIT_CONVERSION = YES;
				GCC_WARN_ABOUT_RETURN_TYPE = YES_ERROR;
				GCC_WARN_UNDECLARED_SELECTOR = YES;
				GCC_WARN_UNINITIALIZED_AUTOS = YES_AGGRESSIVE;
				GCC_WARN_UNUSED_FUNCTION = YES;
				GCC_WARN_UNUSED_VARIABLE = YES;
				IPHONEOS_DEPLOYMENT_TARGET = 10.3;
				MTL_ENABLE_DEBUG_INFO = NO;
				SDKROOT = iphoneos;
				SWIFT_OPTIMIZATION_LEVEL = "-Owholemodule";
				VALIDATE_PRODUCT = YES;
			};
			name = Release;
		};
		5D1A74101EF7FBBC009A323E /* Debug */ = {
			isa = XCBuildConfiguration;
			baseConfigurationReference = DF9E5A1CFF69DCF7D69241CF /* Pods-FeedUni.debug.xcconfig */;
			buildSettings = {
				ASSETCATALOG_COMPILER_APPICON_NAME = AppIcon;
				"CODE_SIGN_IDENTITY[sdk=iphoneos*]" = "iPhone Developer";
				CODE_SIGN_STYLE = Automatic;
				DEVELOPMENT_TEAM = G3854Z4687;
				INFOPLIST_FILE = FeedUni/Info.plist;
				IPHONEOS_DEPLOYMENT_TARGET = 10.3;
				LD_RUNPATH_SEARCH_PATHS = "$(inherited) @executable_path/Frameworks";
				PRODUCT_BUNDLE_IDENTIFIER = it.giacomoosso.FeedUni;
				PRODUCT_NAME = "$(TARGET_NAME)";
				PROVISIONING_PROFILE_SPECIFIER = "";
				SWIFT_VERSION = 3.0;
			};
			name = Debug;
		};
		5D1A74111EF7FBBC009A323E /* Release */ = {
			isa = XCBuildConfiguration;
			baseConfigurationReference = EFB723F15DC7BA5CD023869A /* Pods-FeedUni.release.xcconfig */;
			buildSettings = {
				ASSETCATALOG_COMPILER_APPICON_NAME = AppIcon;
				"CODE_SIGN_IDENTITY[sdk=iphoneos*]" = "iPhone Developer";
				CODE_SIGN_STYLE = Automatic;
				DEVELOPMENT_TEAM = G3854Z4687;
				INFOPLIST_FILE = FeedUni/Info.plist;
				IPHONEOS_DEPLOYMENT_TARGET = 10.3;
				LD_RUNPATH_SEARCH_PATHS = "$(inherited) @executable_path/Frameworks";
				PRODUCT_BUNDLE_IDENTIFIER = it.giacomoosso.FeedUni;
				PRODUCT_NAME = "$(TARGET_NAME)";
				PROVISIONING_PROFILE_SPECIFIER = "";
				SWIFT_VERSION = 3.0;
			};
			name = Release;
		};
/* End XCBuildConfiguration section */

/* Begin XCConfigurationList section */
		5D1A73F81EF7FBBC009A323E /* Build configuration list for PBXProject "FeedUni" */ = {
			isa = XCConfigurationList;
			buildConfigurations = (
				5D1A740D1EF7FBBC009A323E /* Debug */,
				5D1A740E1EF7FBBC009A323E /* Release */,
			);
			defaultConfigurationIsVisible = 0;
			defaultConfigurationName = Release;
		};
		5D1A740F1EF7FBBC009A323E /* Build configuration list for PBXNativeTarget "FeedUni" */ = {
			isa = XCConfigurationList;
			buildConfigurations = (
				5D1A74101EF7FBBC009A323E /* Debug */,
				5D1A74111EF7FBBC009A323E /* Release */,
			);
			defaultConfigurationIsVisible = 0;
			defaultConfigurationName = Release;
		};
/* End XCConfigurationList section */
	};
	rootObject = 5D1A73F51EF7FBBC009A323E /* Project object */;
}
